
Microsoft Visual Studio Solution File, Format Version 12.00
# Visual Studio Version 17
VisualStudioVersion = 17.11.35222.181
MinimumVisualStudioVersion = 10.0.40219.1
Project("{9A19103F-16F7-4668-BE54-9A1E7A4F7556}") = "Day1", "Day1\Day1.csproj", "{72500698-1EF1-406C-8642-D24B2CC2024D}"
EndProject
Project("{9A19103F-16F7-4668-BE54-9A1E7A4F7556}") = "Day2", "Day2\Day2.csproj", "{FF66B031-7947-4043-9B4A-422C7C4B34F5}"
EndProject
Project("{9A19103F-16F7-4668-BE54-9A1E7A4F7556}") = "Day3", "Day3\Day3.csproj", "{C980D310-A71F-4072-8781-CEDE226B9B93}"
EndProject
Project("{9A19103F-16F7-4668-BE54-9A1E7A4F7556}") = "Day4", "Day4\Day4.csproj", "{048E74A8-9D87-42C0-A0F7-C5BD4B084200}"
EndProject
Project("{9A19103F-16F7-4668-BE54-9A1E7A4F7556}") = "Day5", "Day5\Day5.csproj", "{40375579-C813-4E0A-BC8D-8FEEF3ABDE70}"
EndProject
Project("{9A19103F-16F7-4668-BE54-9A1E7A4F7556}") = "Day6", "Day6\Day6.csproj", "{43CBB61A-323C-4443-BAFC-8A06619441F4}"
EndProject
Project("{FAE04EC0-301F-11D3-BF4B-00C04F79EFBC}") = "Day7", "Day7\Day7.csproj", "{8F9990AB-2CE8-4A3D-9FF1-D4C72CE37784}"
EndProject
Global
	GlobalSection(SolutionConfigurationPlatforms) = preSolution
		Debug|Any CPU = Debug|Any CPU
		Release|Any CPU = Release|Any CPU
	EndGlobalSection
	GlobalSection(ProjectConfigurationPlatforms) = postSolution
		{72500698-1EF1-406C-8642-D24B2CC2024D}.Debug|Any CPU.ActiveCfg = Debug|Any CPU
		{72500698-1EF1-406C-8642-D24B2CC2024D}.Debug|Any CPU.Build.0 = Debug|Any CPU
		{72500698-1EF1-406C-8642-D24B2CC2024D}.Release|Any CPU.ActiveCfg = Release|Any CPU
		{72500698-1EF1-406C-8642-D24B2CC2024D}.Release|Any CPU.Build.0 = Release|Any CPU
		{FF66B031-7947-4043-9B4A-422C7C4B34F5}.Debug|Any CPU.ActiveCfg = Debug|Any CPU
		{FF66B031-7947-4043-9B4A-422C7C4B34F5}.Debug|Any CPU.Build.0 = Debug|Any CPU
		{FF66B031-7947-4043-9B4A-422C7C4B34F5}.Release|Any CPU.ActiveCfg = Release|Any CPU
		{FF66B031-7947-4043-9B4A-422C7C4B34F5}.Release|Any CPU.Build.0 = Release|Any CPU
		{C980D310-A71F-4072-8781-CEDE226B9B93}.Debug|Any CPU.ActiveCfg = Debug|Any CPU
		{C980D310-A71F-4072-8781-CEDE226B9B93}.Debug|Any CPU.Build.0 = Debug|Any CPU
		{C980D310-A71F-4072-8781-CEDE226B9B93}.Release|Any CPU.ActiveCfg = Release|Any CPU
		{C980D310-A71F-4072-8781-CEDE226B9B93}.Release|Any CPU.Build.0 = Release|Any CPU
		{048E74A8-9D87-42C0-A0F7-C5BD4B084200}.Debug|Any CPU.ActiveCfg = Debug|Any CPU
		{048E74A8-9D87-42C0-A0F7-C5BD4B084200}.Debug|Any CPU.Build.0 = Debug|Any CPU
		{048E74A8-9D87-42C0-A0F7-C5BD4B084200}.Release|Any CPU.ActiveCfg = Release|Any CPU
		{048E74A8-9D87-42C0-A0F7-C5BD4B084200}.Release|Any CPU.Build.0 = Release|Any CPU
		{40375579-C813-4E0A-BC8D-8FEEF3ABDE70}.Debug|Any CPU.ActiveCfg = Debug|Any CPU
		{40375579-C813-4E0A-BC8D-8FEEF3ABDE70}.Debug|Any CPU.Build.0 = Debug|Any CPU
		{40375579-C813-4E0A-BC8D-8FEEF3ABDE70}.Release|Any CPU.ActiveCfg = Release|Any CPU
		{40375579-C813-4E0A-BC8D-8FEEF3ABDE70}.Release|Any CPU.Build.0 = Release|Any CPU
		{43CBB61A-323C-4443-BAFC-8A06619441F4}.Debug|Any CPU.ActiveCfg = Debug|Any CPU
		{43CBB61A-323C-4443-BAFC-8A06619441F4}.Debug|Any CPU.Build.0 = Debug|Any CPU
		{43CBB61A-323C-4443-BAFC-8A06619441F4}.Release|Any CPU.ActiveCfg = Release|Any CPU
		{43CBB61A-323C-4443-BAFC-8A06619441F4}.Release|Any CPU.Build.0 = Release|Any CPU
		{8F9990AB-2CE8-4A3D-9FF1-D4C72CE37784}.Debug|Any CPU.ActiveCfg = Debug|Any CPU
		{8F9990AB-2CE8-4A3D-9FF1-D4C72CE37784}.Debug|Any CPU.Build.0 = Debug|Any CPU
		{8F9990AB-2CE8-4A3D-9FF1-D4C72CE37784}.Release|Any CPU.ActiveCfg = Release|Any CPU
		{8F9990AB-2CE8-4A3D-9FF1-D4C72CE37784}.Release|Any CPU.Build.0 = Release|Any CPU
	EndGlobalSection
	GlobalSection(SolutionProperties) = preSolution
		HideSolutionNode = FALSE
	EndGlobalSection
	GlobalSection(ExtensibilityGlobals) = postSolution
		SolutionGuid = {5E540744-8C1A-47AB-9542-012CA9D25A8A}
	EndGlobalSection
EndGlobal
